
Microsoft Visual Studio Solution File, Format Version 12.00
# Visual Studio Version 16
VisualStudioVersion = 16.0.30002.166
MinimumVisualStudioVersion = 10.0.40219.1
Project("{FAE04EC0-301F-11D3-BF4B-00C04F79EFBC}") = "libMyUtil", "libMyUtil\libMyUtil.csproj", "{F4FECB16-DC66-4A38-A7DA-65B597F2E320}"
EndProject
Project("{FAE04EC0-301F-11D3-BF4B-00C04F79EFBC}") = "ConsoleApplication1", "ConsoleApplication1\ConsoleApplication1.csproj", "{B2772F22-BBFF-4D8E-8EAB-26CE4259B9CB}"
EndProject
Global
	GlobalSection(SolutionConfigurationPlatforms) = preSolution
		Debug|Any CPU = Debug|Any CPU
		Debug|Mixed Platforms = Debug|Mixed Platforms
		Debug|x86 = Debug|x86
		Release|Any CPU = Release|Any CPU
		Release|Mixed Platforms = Release|Mixed Platforms
		Release|x86 = Release|x86
	EndGlobalSection
	GlobalSection(ProjectConfigurationPlatforms) = postSolution
		{F4FECB16-DC66-4A38-A7DA-65B597F2E320}.Debug|Any CPU.ActiveCfg = Debug|Any CPU
		{F4FECB16-DC66-4A38-A7DA-65B597F2E320}.Debug|Any CPU.Build.0 = Debug|Any CPU
		{F4FECB16-DC66-4A38-A7DA-65B597F2E320}.Debug|Mixed Platforms.ActiveCfg = Debug|Any CPU
		{F4FECB16-DC66-4A38-A7DA-65B597F2E320}.Debug|Mixed Platforms.Build.0 = Debug|Any CPU
		{F4FECB16-DC66-4A38-A7DA-65B597F2E320}.Debug|x86.ActiveCfg = Debug|Any CPU
		{F4FECB16-DC66-4A38-A7DA-65B597F2E320}.Release|Any CPU.ActiveCfg = Release|Any CPU
		{F4FECB16-DC66-4A38-A7DA-65B597F2E320}.Release|Any CPU.Build.0 = Release|Any CPU
		{F4FECB16-DC66-4A38-A7DA-65B597F2E320}.Release|Mixed Platforms.ActiveCfg = Release|Any CPU
		{F4FECB16-DC66-4A38-A7DA-65B597F2E320}.Release|Mixed Platforms.Build.0 = Release|Any CPU
		{F4FECB16-DC66-4A38-A7DA-65B597F2E320}.Release|x86.ActiveCfg = Release|Any CPU
		{B2772F22-BBFF-4D8E-8EAB-26CE4259B9CB}.Debug|Any CPU.ActiveCfg = Debug|x86
		{B2772F22-BBFF-4D8E-8EAB-26CE4259B9CB}.Debug|Mixed Platforms.ActiveCfg = Debug|x86
		{B2772F22-BBFF-4D8E-8EAB-26CE4259B9CB}.Debug|Mixed Platforms.Build.0 = Debug|x86
		{B2772F22-BBFF-4D8E-8EAB-26CE4259B9CB}.Debug|x86.ActiveCfg = Debug|x86
		{B2772F22-BBFF-4D8E-8EAB-26CE4259B9CB}.Debug|x86.Build.0 = Debug|x86
		{B2772F22-BBFF-4D8E-8EAB-26CE4259B9CB}.Release|Any CPU.ActiveCfg = Release|x86
		{B2772F22-BBFF-4D8E-8EAB-26CE4259B9CB}.Release|Mixed Platforms.ActiveCfg = Release|x86
		{B2772F22-BBFF-4D8E-8EAB-26CE4259B9CB}.Release|Mixed Platforms.Build.0 = Release|x86
		{B2772F22-BBFF-4D8E-8EAB-26CE4259B9CB}.Release|x86.ActiveCfg = Release|x86
		{B2772F22-BBFF-4D8E-8EAB-26CE4259B9CB}.Release|x86.Build.0 = Release|x86
	EndGlobalSection
	GlobalSection(SolutionProperties) = preSolution
		HideSolutionNode = FALSE
	EndGlobalSection
	GlobalSection(ExtensibilityGlobals) = postSolution
		SolutionGuid = {30E6E3A5-E682-4741-8E66-7D8EDDB25A02}
	EndGlobalSection
EndGlobal
